
Microsoft Visual Studio Solution File, Format Version 12.00
# Visual Studio Version 16
VisualStudioVersion = 16.0.30413.136
MinimumVisualStudioVersion = 10.0.40219.1
Project("{FAE04EC0-301F-11D3-BF4B-00C04F79EFBC}") = "Graphics Lab6", "Graphics Lab6\Graphics Lab6.csproj", "{2AECFAA2-1AEA-4CB2-8710-F0CEBA8AB0EE}"
EndProject
Global
	GlobalSection(SolutionConfigurationPlatforms) = preSolution
		Debug|Any CPU = Debug|Any CPU
		Release|Any CPU = Release|Any CPU
	EndGlobalSection
	GlobalSection(ProjectConfigurationPlatforms) = postSolution
		{2AECFAA2-1AEA-4CB2-8710-F0CEBA8AB0EE}.Debug|Any CPU.ActiveCfg = Debug|Any CPU
		{2AECFAA2-1AEA-4CB2-8710-F0CEBA8AB0EE}.Debug|Any CPU.Build.0 = Debug|Any CPU
		{2AECFAA2-1AEA-4CB2-8710-F0CEBA8AB0EE}.Release|Any CPU.ActiveCfg = Release|Any CPU
		{2AECFAA2-1AEA-4CB2-8710-F0CEBA8AB0EE}.Release|Any CPU.Build.0 = Release|Any CPU
	EndGlobalSection
	GlobalSection(SolutionProperties) = preSolution
		HideSolutionNode = FALSE
	EndGlobalSection
	GlobalSection(ExtensibilityGlobals) = postSolution
		SolutionGuid = {4C19D733-44CE-4292-8770-1245EAF810CB}
	EndGlobalSection
EndGlobal
